
Microsoft Visual Studio Solution File, Format Version 12.00
# Visual Studio Version 16
VisualStudioVersion = 16.0.31112.23
MinimumVisualStudioVersion = 10.0.40219.1
Project("{FAE04EC0-301F-11D3-BF4B-00C04F79EFBC}") = "Currency Converter", "Currency Converter\Currency Converter.csproj", "{4EDA1406-B399-4083-8F59-0E14EFC1404F}"
EndProject
Global
	GlobalSection(SolutionConfigurationPlatforms) = preSolution
		Debug|Any CPU = Debug|Any CPU
		Release|Any CPU = Release|Any CPU
	EndGlobalSection
	GlobalSection(ProjectConfigurationPlatforms) = postSolution
		{4EDA1406-B399-4083-8F59-0E14EFC1404F}.Debug|Any CPU.ActiveCfg = Debug|Any CPU
		{4EDA1406-B399-4083-8F59-0E14EFC1404F}.Debug|Any CPU.Build.0 = Debug|Any CPU
		{4EDA1406-B399-4083-8F59-0E14EFC1404F}.Release|Any CPU.ActiveCfg = Release|Any CPU
		{4EDA1406-B399-4083-8F59-0E14EFC1404F}.Release|Any CPU.Build.0 = Release|Any CPU
	EndGlobalSection
	GlobalSection(SolutionProperties) = preSolution
		HideSolutionNode = FALSE
	EndGlobalSection
	GlobalSection(ExtensibilityGlobals) = postSolution
		SolutionGuid = {652F3DF4-B34C-485C-A973-3BD0F8D7A0D0}
	EndGlobalSection
EndGlobal
