
Microsoft Visual Studio Solution File, Format Version 12.00
# Visual Studio Version 16
VisualStudioVersion = 16.0.31205.134
MinimumVisualStudioVersion = 10.0.40219.1
Project("{FAE04EC0-301F-11D3-BF4B-00C04F79EFBC}") = "HelloWorldXamarin.Android", "HelloWorldXamarin\HelloWorldXamarin.Android\HelloWorldXamarin.Android.csproj", "{C6CD2DB1-C52A-4F73-9F7B-1DBFA476D4F5}"
EndProject
Project("{FAE04EC0-301F-11D3-BF4B-00C04F79EFBC}") = "HelloWorldXamarin.iOS", "HelloWorldXamarin\HelloWorldXamarin.iOS\HelloWorldXamarin.iOS.csproj", "{973370A9-436F-4953-8EB4-B5B92EE22F8D}"
EndProject
Project("{FAE04EC0-301F-11D3-BF4B-00C04F79EFBC}") = "HelloWorldXamarin", "HelloWorldXamarin\HelloWorldXamarin\HelloWorldXamarin.csproj", "{561DC551-75E2-49C0-BC39-F2F13C8FB92C}"
EndProject
Global
	GlobalSection(SolutionConfigurationPlatforms) = preSolution
		Debug|Any CPU = Debug|Any CPU
		Debug|iPhone = Debug|iPhone
		Debug|iPhoneSimulator = Debug|iPhoneSimulator
		Release|Any CPU = Release|Any CPU
		Release|iPhone = Release|iPhone
		Release|iPhoneSimulator = Release|iPhoneSimulator
	EndGlobalSection
	GlobalSection(ProjectConfigurationPlatforms) = postSolution
		{C6CD2DB1-C52A-4F73-9F7B-1DBFA476D4F5}.Debug|Any CPU.ActiveCfg = Debug|Any CPU
		{C6CD2DB1-C52A-4F73-9F7B-1DBFA476D4F5}.Debug|Any CPU.Build.0 = Debug|Any CPU
		{C6CD2DB1-C52A-4F73-9F7B-1DBFA476D4F5}.Debug|Any CPU.Deploy.0 = Debug|Any CPU
		{C6CD2DB1-C52A-4F73-9F7B-1DBFA476D4F5}.Debug|iPhone.ActiveCfg = Debug|Any CPU
		{C6CD2DB1-C52A-4F73-9F7B-1DBFA476D4F5}.Debug|iPhone.Build.0 = Debug|Any CPU
		{C6CD2DB1-C52A-4F73-9F7B-1DBFA476D4F5}.Debug|iPhone.Deploy.0 = Debug|Any CPU
		{C6CD2DB1-C52A-4F73-9F7B-1DBFA476D4F5}.Debug|iPhoneSimulator.ActiveCfg = Debug|Any CPU
		{C6CD2DB1-C52A-4F73-9F7B-1DBFA476D4F5}.Debug|iPhoneSimulator.Build.0 = Debug|Any CPU
		{C6CD2DB1-C52A-4F73-9F7B-1DBFA476D4F5}.Debug|iPhoneSimulator.Deploy.0 = Debug|Any CPU
		{C6CD2DB1-C52A-4F73-9F7B-1DBFA476D4F5}.Release|Any CPU.ActiveCfg = Release|Any CPU
		{C6CD2DB1-C52A-4F73-9F7B-1DBFA476D4F5}.Release|Any CPU.Build.0 = Release|Any CPU
		{C6CD2DB1-C52A-4F73-9F7B-1DBFA476D4F5}.Release|Any CPU.Deploy.0 = Release|Any CPU
		{C6CD2DB1-C52A-4F73-9F7B-1DBFA476D4F5}.Release|iPhone.ActiveCfg = Release|Any CPU
		{C6CD2DB1-C52A-4F73-9F7B-1DBFA476D4F5}.Release|iPhone.Build.0 = Release|Any CPU
		{C6CD2DB1-C52A-4F73-9F7B-1DBFA476D4F5}.Release|iPhone.Deploy.0 = Release|Any CPU
		{C6CD2DB1-C52A-4F73-9F7B-1DBFA476D4F5}.Release|iPhoneSimulator.ActiveCfg = Release|Any CPU
		{C6CD2DB1-C52A-4F73-9F7B-1DBFA476D4F5}.Release|iPhoneSimulator.Build.0 = Release|Any CPU
		{C6CD2DB1-C52A-4F73-9F7B-1DBFA476D4F5}.Release|iPhoneSimulator.Deploy.0 = Release|Any CPU
		{973370A9-436F-4953-8EB4-B5B92EE22F8D}.Debug|Any CPU.ActiveCfg = Debug|iPhone
		{973370A9-436F-4953-8EB4-B5B92EE22F8D}.Debug|Any CPU.Build.0 = Debug|iPhone
		{973370A9-436F-4953-8EB4-B5B92EE22F8D}.Debug|Any CPU.Deploy.0 = Debug|iPhone
		{973370A9-436F-4953-8EB4-B5B92EE22F8D}.Debug|iPhone.ActiveCfg = Debug|iPhone
		{973370A9-436F-4953-8EB4-B5B92EE22F8D}.Debug|iPhone.Build.0 = Debug|iPhone
		{973370A9-436F-4953-8EB4-B5B92EE22F8D}.Debug|iPhone.Deploy.0 = Debug|iPhone
		{973370A9-436F-4953-8EB4-B5B92EE22F8D}.Debug|iPhoneSimulator.ActiveCfg = Debug|iPhoneSimulator
		{973370A9-436F-4953-8EB4-B5B92EE22F8D}.Debug|iPhoneSimulator.Build.0 = Debug|iPhoneSimulator
		{973370A9-436F-4953-8EB4-B5B92EE22F8D}.Debug|iPhoneSimulator.Deploy.0 = Debug|iPhoneSimulator
		{973370A9-436F-4953-8EB4-B5B92EE22F8D}.Release|Any CPU.ActiveCfg = Release|iPhoneSimulator
		{973370A9-436F-4953-8EB4-B5B92EE22F8D}.Release|Any CPU.Build.0 = Release|iPhoneSimulator
		{973370A9-436F-4953-8EB4-B5B92EE22F8D}.Release|Any CPU.Deploy.0 = Release|iPhoneSimulator
		{973370A9-436F-4953-8EB4-B5B92EE22F8D}.Release|iPhone.ActiveCfg = Release|iPhone
		{973370A9-436F-4953-8EB4-B5B92EE22F8D}.Release|iPhone.Build.0 = Release|iPhone
		{973370A9-436F-4953-8EB4-B5B92EE22F8D}.Release|iPhone.Deploy.0 = Release|iPhone
		{973370A9-436F-4953-8EB4-B5B92EE22F8D}.Release|iPhoneSimulator.ActiveCfg = Release|iPhoneSimulator
		{973370A9-436F-4953-8EB4-B5B92EE22F8D}.Release|iPhoneSimulator.Build.0 = Release|iPhoneSimulator
		{973370A9-436F-4953-8EB4-B5B92EE22F8D}.Release|iPhoneSimulator.Deploy.0 = Release|iPhoneSimulator
		{561DC551-75E2-49C0-BC39-F2F13C8FB92C}.Debug|Any CPU.ActiveCfg = Debug|Any CPU
		{561DC551-75E2-49C0-BC39-F2F13C8FB92C}.Debug|Any CPU.Build.0 = Debug|Any CPU
		{561DC551-75E2-49C0-BC39-F2F13C8FB92C}.Debug|Any CPU.Deploy.0 = Debug|Any CPU
		{561DC551-75E2-49C0-BC39-F2F13C8FB92C}.Debug|iPhone.ActiveCfg = Debug|Any CPU
		{561DC551-75E2-49C0-BC39-F2F13C8FB92C}.Debug|iPhone.Build.0 = Debug|Any CPU
		{561DC551-75E2-49C0-BC39-F2F13C8FB92C}.Debug|iPhone.Deploy.0 = Debug|Any CPU
		{561DC551-75E2-49C0-BC39-F2F13C8FB92C}.Debug|iPhoneSimulator.ActiveCfg = Debug|Any CPU
		{561DC551-75E2-49C0-BC39-F2F13C8FB92C}.Debug|iPhoneSimulator.Build.0 = Debug|Any CPU
		{561DC551-75E2-49C0-BC39-F2F13C8FB92C}.Debug|iPhoneSimulator.Deploy.0 = Debug|Any CPU
		{561DC551-75E2-49C0-BC39-F2F13C8FB92C}.Release|Any CPU.ActiveCfg = Release|Any CPU
		{561DC551-75E2-49C0-BC39-F2F13C8FB92C}.Release|Any CPU.Build.0 = Release|Any CPU
		{561DC551-75E2-49C0-BC39-F2F13C8FB92C}.Release|Any CPU.Deploy.0 = Release|Any CPU
		{561DC551-75E2-49C0-BC39-F2F13C8FB92C}.Release|iPhone.ActiveCfg = Release|Any CPU
		{561DC551-75E2-49C0-BC39-F2F13C8FB92C}.Release|iPhone.Build.0 = Release|Any CPU
		{561DC551-75E2-49C0-BC39-F2F13C8FB92C}.Release|iPhone.Deploy.0 = Release|Any CPU
		{561DC551-75E2-49C0-BC39-F2F13C8FB92C}.Release|iPhoneSimulator.ActiveCfg = Release|Any CPU
		{561DC551-75E2-49C0-BC39-F2F13C8FB92C}.Release|iPhoneSimulator.Build.0 = Release|Any CPU
		{561DC551-75E2-49C0-BC39-F2F13C8FB92C}.Release|iPhoneSimulator.Deploy.0 = Release|Any CPU
	EndGlobalSection
	GlobalSection(SolutionProperties) = preSolution
		HideSolutionNode = FALSE
	EndGlobalSection
	GlobalSection(ExtensibilityGlobals) = postSolution
		SolutionGuid = {86E4F60F-A7A9-452B-A456-2866A291F649}
	EndGlobalSection
EndGlobal
